
Microsoft Visual Studio Solution File, Format Version 12.00
Project("{FAE04EC0-301F-11D3-BF4B-00C04F79EFBC}") = "LdfParser", "LdfParser\LdfParser.csproj", "{C32749A3-30D9-4E95-85CB-FA2A859FA19C}"
EndProject
Global
	GlobalSection(SolutionConfigurationPlatforms) = preSolution
		Debug|Any CPU = Debug|Any CPU
		Release|Any CPU = Release|Any CPU
	EndGlobalSection
	GlobalSection(ProjectConfigurationPlatforms) = postSolution
		{C32749A3-30D9-4E95-85CB-FA2A859FA19C}.Debug|Any CPU.ActiveCfg = Debug|Any CPU
		{C32749A3-30D9-4E95-85CB-FA2A859FA19C}.Debug|Any CPU.Build.0 = Debug|Any CPU
		{C32749A3-30D9-4E95-85CB-FA2A859FA19C}.Release|Any CPU.ActiveCfg = Release|Any CPU
		{C32749A3-30D9-4E95-85CB-FA2A859FA19C}.Release|Any CPU.Build.0 = Release|Any CPU
	EndGlobalSection
EndGlobal
